// !$*UTF8*$!
{
	archiveVersion = 1;
	classes = {
	};
	objectVersion = 56;
	objects = {

/* Begin PBXBuildFile section */
		1A1A19652B5EC99811009F55 /* CameraManager.swift in Sources */ = {isa = PBXBuildFile; fileRef = 0B64F7926B22241ECF4E9865 /* CameraManager.swift */; };
		571A4AB61B2EF2C53F746571 /* CameraView.swift in Sources */ = {isa = PBXBuildFile; fileRef = AC2D8C904C1DCED0AD9F3451 /* CameraView.swift */; };
		A507F12130398B75001ADE25 /* VISTAApp.swift in Sources */ = {isa = PBXBuildFile; fileRef = A507F12030398B75001ADE25 /* VISTAApp.swift */; };
		A507F12330398B75001ADE25 /* ContentView.swift in Sources */ = {isa = PBXBuildFile; fileRef = A507F12230398B75001ADE25 /* ContentView.swift */; };
		A507F12530398B79001ADE25 /* Assets.xcassets in Resources */ = {isa = PBXBuildFile; fileRef = A507F12430398B79001ADE25 /* Assets.xcassets */; };
		A507F12830398B79001ADE25 /* Preview Assets.xcassets in Resources */ = {isa = PBXBuildFile; fileRef = A507F12730398B79001ADE25 /* Preview Assets.xcassets */; };
		A507F13230398B79001ADE25 /* VISTATests.swift in Sources */ = {isa = PBXBuildFile; fileRef = A507F13130398B79001ADE25 /* VISTATests.swift */; };
		A507F13C30398B79001ADE25 /* VISTAUITests.swift in Sources */ = {isa = PBXBuildFile; fileRef = A507F13B30398B79001ADE25 /* VISTAUITests.swift */; };
		A507F13E30398B79001ADE25 /* VISTAUITestsLaunchTests.swift in Sources */ = {isa = PBXBuildFile; fileRef = A507F13D30398B79001ADE25 /* VISTAUITestsLaunchTests.swift */; };
		A595A889304A9F36002940C9 /* MobileNetV2.mlpackage in Sources */ = {isa = PBXBuildFile; fileRef = A595A888304A9F36002940C9 /* MobileNetV2.mlpackage */; };
		489F0770A2861C7A3F5FF2D1 /* TrafficSignDetection.swift in Sources */ = {isa = PBXBuildFile; fileRef = DF6013A3B893776EB1F24C22 /* TrafficSignDetection.swift */; };
		53F921F3EB08671E79C681B1 /* TrafficSignClassifier.swift in Sources */ = {isa = PBXBuildFile; fileRef = 5C5B78A5F55BBEA2C18CF5C9 /* TrafficSignClassifier.swift */; };
		BDFDC196256977DF5215A0F4 /* DetectionStabilizer.swift in Sources */ = {isa = PBXBuildFile; fileRef = A29B7883D0BA7FAC8DEA6F2C /* DetectionStabilizer.swift */; };
		DE987B70D97AC48E18B338A3 /* ViewModel.swift in Sources */ = {isa = PBXBuildFile; fileRef = BDEB0EBB5AE01F3E670BE111 /* ViewModel.swift */; };
/* End PBXBuildFile section */

/* Begin PBXContainerItemProxy section */
		A507F12E30398B79001ADE25 /* PBXContainerItemProxy */ = {
			isa = PBXContainerItemProxy;
			containerPortal = A507F11530398B75001ADE25 /* Project object */;
			proxyType = 1;
			remoteGlobalIDString = A507F11C30398B75001ADE25;
			remoteInfo = VISTA;
		};
		A507F13830398B79001ADE25 /* PBXContainerItemProxy */ = {
			isa = PBXContainerItemProxy;
			containerPortal = A507F11530398B75001ADE25 /* Project object */;
			proxyType = 1;
			remoteGlobalIDString = A507F11C30398B75001ADE25;
			remoteInfo = VISTA;
		};
/* End PBXContainerItemProxy section */

/* Begin PBXFileReference section */
		0B64F7926B22241ECF4E9865 /* CameraManager.swift */ = {isa = PBXFileReference; lastKnownFileType = sourcecode.swift; path = CameraManager.swift; sourceTree = "<group>"; };
		A507F11D30398B75001ADE25 /* VISTA.app */ = {isa = PBXFileReference; explicitFileType = wrapper.application; includeInIndex = 0; path = VISTA.app; sourceTree = BUILT_PRODUCTS_DIR; };
		A507F12030398B75001ADE25 /* VISTAApp.swift */ = {isa = PBXFileReference; lastKnownFileType = sourcecode.swift; path = VISTAApp.swift; sourceTree = "<group>"; };
		A507F12230398B75001ADE25 /* ContentView.swift */ = {isa = PBXFileReference; lastKnownFileType = sourcecode.swift; path = ContentView.swift; sourceTree = "<group>"; };
		A507F12430398B79001ADE25 /* Assets.xcassets */ = {isa = PBXFileReference; lastKnownFileType = folder.assetcatalog; path = Assets.xcassets; sourceTree = "<group>"; };
		A507F12730398B79001ADE25 /* Preview Assets.xcassets */ = {isa = PBXFileReference; lastKnownFileType = folder.assetcatalog; path = "Preview Assets.xcassets"; sourceTree = "<group>"; };
		A507F12D30398B79001ADE25 /* VISTATests.xctest */ = {isa = PBXFileReference; explicitFileType = wrapper.cfbundle; includeInIndex = 0; path = VISTATests.xctest; sourceTree = BUILT_PRODUCTS_DIR; };
		A507F13130398B79001ADE25 /* VISTATests.swift */ = {isa = PBXFileReference; lastKnownFileType = sourcecode.swift; path = VISTATests.swift; sourceTree = "<group>"; };
		A507F13730398B79001ADE25 /* VISTAUITests.xctest */ = {isa = PBXFileReference; explicitFileType = wrapper.cfbundle; includeInIndex = 0; path = VISTAUITests.xctest; sourceTree = BUILT_PRODUCTS_DIR; };
		A507F13B30398B79001ADE25 /* VISTAUITests.swift */ = {isa = PBXFileReference; lastKnownFileType = sourcecode.swift; path = VISTAUITests.swift; sourceTree = "<group>"; };
		A507F13D30398B79001ADE25 /* VISTAUITestsLaunchTests.swift */ = {isa = PBXFileReference; lastKnownFileType = sourcecode.swift; path = VISTAUITestsLaunchTests.swift; sourceTree = "<group>"; };
		A595A888304A9F36002940C9 /* MobileNetV2.mlpackage */ = {isa = PBXFileReference; lastKnownFileType = folder.mlpackage; path = MobileNetV2.mlpackage; sourceTree = "<group>"; };
		DF6013A3B893776EB1F24C22 /* TrafficSignDetection.swift */ = {isa = PBXFileReference; lastKnownFileType = sourcecode.swift; path = TrafficSignDetection.swift; sourceTree = "<group>"; };
		5C5B78A5F55BBEA2C18CF5C9 /* TrafficSignClassifier.swift */ = {isa = PBXFileReference; lastKnownFileType = sourcecode.swift; path = TrafficSignClassifier.swift; sourceTree = "<group>"; };
		A29B7883D0BA7FAC8DEA6F2C /* DetectionStabilizer.swift */ = {isa = PBXFileReference; lastKnownFileType = sourcecode.swift; path = DetectionStabilizer.swift; sourceTree = "<group>"; };
		BDEB0EBB5AE01F3E670BE111 /* ViewModel.swift */ = {isa = PBXFileReference; lastKnownFileType = sourcecode.swift; path = ViewModel.swift; sourceTree = "<group>"; };
		AC2D8C904C1DCED0AD9F3451 /* CameraView.swift */ = {isa = PBXFileReference; lastKnownFileType = sourcecode.swift; path = CameraView.swift; sourceTree = "<group>"; };
/* End PBXFileReference section */

/* Begin PBXFrameworksBuildPhase section */
		A507F11A30398B75001ADE25 /* Frameworks */ = {
			isa = PBXFrameworksBuildPhase;
			buildActionMask = 2147483647;
			files = (
			);
			runOnlyForDeploymentPostprocessing = 0;
		};
		A507F12A30398B79001ADE25 /* Frameworks */ = {
			isa = PBXFrameworksBuildPhase;
			buildActionMask = 2147483647;
			files = (
			);
			runOnlyForDeploymentPostprocessing = 0;
		};
		A507F13430398B79001ADE25 /* Frameworks */ = {
			isa = PBXFrameworksBuildPhase;
			buildActionMask = 2147483647;
			files = (
			);
			runOnlyForDeploymentPostprocessing = 0;
		};
/* End PBXFrameworksBuildPhase section */

/* Begin PBXGroup section */
		A507F11430398B75001ADE25 = {
			isa = PBXGroup;
			children = (
				A507F11F30398B75001ADE25 /* VISTA */,
				A507F13030398B79001ADE25 /* VISTATests */,
				A507F13A30398B79001ADE25 /* VISTAUITests */,
				A507F11E30398B75001ADE25 /* Products */,
			);
			sourceTree = "<group>";
		};
		A507F11E30398B75001ADE25 /* Products */ = {
			isa = PBXGroup;
			children = (
				A507F11D30398B75001ADE25 /* VISTA.app */,
				A507F12D30398B79001ADE25 /* VISTATests.xctest */,
				A507F13730398B79001ADE25 /* VISTAUITests.xctest */,
			);
			name = Products;
			sourceTree = "<group>";
		};
		A507F11F30398B75001ADE25 /* VISTA */ = {
			isa = PBXGroup;
			children = (
				A507F12030398B75001ADE25 /* VISTAApp.swift */,
				A507F12230398B75001ADE25 /* ContentView.swift */,
				0B64F7926B22241ECF4E9865 /* CameraManager.swift */,
				AC2D8C904C1DCED0AD9F3451 /* CameraView.swift */,
				DF6013A3B893776EB1F24C22 /* TrafficSignDetection.swift */,
				5C5B78A5F55BBEA2C18CF5C9 /* TrafficSignClassifier.swift */,
				A29B7883D0BA7FAC8DEA6F2C /* DetectionStabilizer.swift */,
				BDEB0EBB5AE01F3E670BE111 /* ViewModel.swift */,
				A507F12430398B79001ADE25 /* Assets.xcassets */,
				A595A888304A9F36002940C9 /* MobileNetV2.mlpackage */,
				A507F12630398B79001ADE25 /* Preview Content */,
			);
			path = VISTA;
			sourceTree = "<group>";
		};
		A507F12630398B79001ADE25 /* Preview Content */ = {
			isa = PBXGroup;
			children = (
				A507F12730398B79001ADE25 /* Preview Assets.xcassets */,
			);
			path = "Preview Content";
			sourceTree = "<group>";
		};
		A507F13030398B79001ADE25 /* VISTATests */ = {
			isa = PBXGroup;
			children = (
				A507F13130398B79001ADE25 /* VISTATests.swift */,
			);
			path = VISTATests;
			sourceTree = "<group>";
		};
		A507F13A30398B79001ADE25 /* VISTAUITests */ = {
			isa = PBXGroup;
			children = (
				A507F13B30398B79001ADE25 /* VISTAUITests.swift */,
				A507F13D30398B79001ADE25 /* VISTAUITestsLaunchTests.swift */,
			);
			path = VISTAUITests;
			sourceTree = "<group>";
		};
/* End PBXGroup section */

/* Begin PBXNativeTarget section */
		A507F11C30398B75001ADE25 /* VISTA */ = {
			isa = PBXNativeTarget;
			buildConfigurationList = A507F14130398B79001ADE25 /* Build configuration list for PBXNativeTarget "VISTA" */;
			buildPhases = (
				A507F11930398B75001ADE25 /* Sources */,
				A507F11A30398B75001ADE25 /* Frameworks */,
				A507F11B30398B75001ADE25 /* Resources */,
			);
			buildRules = (
			);
			dependencies = (
			);
			name = VISTA;
			productName = VISTA;
			productReference = A507F11D30398B75001ADE25 /* VISTA.app */;
			productType = "com.apple.product-type.application";
		};
		A507F12C30398B79001ADE25 /* VISTATests */ = {
			isa = PBXNativeTarget;
			buildConfigurationList = A507F14430398B79001ADE25 /* Build configuration list for PBXNativeTarget "VISTATests" */;
			buildPhases = (
				A507F12930398B79001ADE25 /* Sources */,
				A507F12A30398B79001ADE25 /* Frameworks */,
				A507F12B30398B79001ADE25 /* Resources */,
			);
			buildRules = (
			);
			dependencies = (
				A507F12F30398B79001ADE25 /* PBXTargetDependency */,
			);
			name = VISTATests;
			productName = VISTATests;
			productReference = A507F12D30398B79001ADE25 /* VISTATests.xctest */;
			productType = "com.apple.product-type.bundle.unit-test";
		};
		A507F13630398B79001ADE25 /* VISTAUITests */ = {
			isa = PBXNativeTarget;
			buildConfigurationList = A507F14730398B79001ADE25 /* Build configuration list for PBXNativeTarget "VISTAUITests" */;
			buildPhases = (
				A507F13330398B79001ADE25 /* Sources */,
				A507F13430398B79001ADE25 /* Frameworks */,
				A507F13530398B79001ADE25 /* Resources */,
			);
			buildRules = (
			);
			dependencies = (
				A507F13930398B79001ADE25 /* PBXTargetDependency */,
			);
			name = VISTAUITests;
			productName = VISTAUITests;
			productReference = A507F13730398B79001ADE25 /* VISTAUITests.xctest */;
			productType = "com.apple.product-type.bundle.ui-testing";
		};
/* End PBXNativeTarget section */

/* Begin PBXProject section */
		A507F11530398B75001ADE25 /* Project object */ = {
			isa = PBXProject;
			attributes = {
				BuildIndependentTargetsInParallel = 1;
				LastSwiftUpdateCheck = 1500;
				LastUpgradeCheck = 1500;
				TargetAttributes = {
					A507F11C30398B75001ADE25 = {
						CreatedOnToolsVersion = 15.0;
					};
					A507F12C30398B79001ADE25 = {
						CreatedOnToolsVersion = 15.0;
						TestTargetID = A507F11C30398B75001ADE25;
					};
					A507F13630398B79001ADE25 = {
						CreatedOnToolsVersion = 15.0;
						TestTargetID = A507F11C30398B75001ADE25;
					};
				};
			};
			buildConfigurationList = A507F11830398B75001ADE25 /* Build configuration list for PBXProject "VISTA" */;
			compatibilityVersion = "Xcode 14.0";
			developmentRegion = en;
			hasScannedForEncodings = 0;
			knownRegions = (
				en,
				Base,
			);
			mainGroup = A507F11430398B75001ADE25;
			productRefGroup = A507F11E30398B75001ADE25 /* Products */;
			projectDirPath = "";
			projectRoot = "";
			targets = (
				A507F11C30398B75001ADE25 /* VISTA */,
				A507F12C30398B79001ADE25 /* VISTATests */,
				A507F13630398B79001ADE25 /* VISTAUITests */,
			);
		};
/* End PBXProject section */

/* Begin PBXResourcesBuildPhase section */
		A507F11B30398B75001ADE25 /* Resources */ = {
			isa = PBXResourcesBuildPhase;
			buildActionMask = 2147483647;
			files = (
				A507F12830398B79001ADE25 /* Preview Assets.xcassets in Resources */,
				A507F12530398B79001ADE25 /* Assets.xcassets in Resources */,
			);
			runOnlyForDeploymentPostprocessing = 0;
		};
		A507F12B30398B79001ADE25 /* Resources */ = {
			isa = PBXResourcesBuildPhase;
			buildActionMask = 2147483647;
			files = (
			);
			runOnlyForDeploymentPostprocessing = 0;
		};
		A507F13530398B79001ADE25 /* Resources */ = {
			isa = PBXResourcesBuildPhase;
			buildActionMask = 2147483647;
			files = (
			);
			runOnlyForDeploymentPostprocessing = 0;
		};
/* End PBXResourcesBuildPhase section */

/* Begin PBXSourcesBuildPhase section */
		A507F11930398B75001ADE25 /* Sources */ = {
			isa = PBXSourcesBuildPhase;
			buildActionMask = 2147483647;
			files = (
				A507F12330398B75001ADE25 /* ContentView.swift in Sources */,
				A507F12130398B75001ADE25 /* VISTAApp.swift in Sources */,
				1A1A19652B5EC99811009F55 /* CameraManager.swift in Sources */,
				A595A889304A9F36002940C9 /* MobileNetV2.mlpackage in Sources */,
				571A4AB61B2EF2C53F746571 /* CameraView.swift in Sources */,
				489F0770A2861C7A3F5FF2D1 /* TrafficSignDetection.swift in Sources */,
				53F921F3EB08671E79C681B1 /* TrafficSignClassifier.swift in Sources */,
				BDFDC196256977DF5215A0F4 /* DetectionStabilizer.swift in Sources */,
				DE987B70D97AC48E18B338A3 /* ViewModel.swift in Sources */,
			);
			runOnlyForDeploymentPostprocessing = 0;
		};
		A507F12930398B79001ADE25 /* Sources */ = {
			isa = PBXSourcesBuildPhase;
			buildActionMask = 2147483647;
			files = (
				A507F13230398B79001ADE25 /* VISTATests.swift in Sources */,
			);
			runOnlyForDeploymentPostprocessing = 0;
		};
		A507F13330398B79001ADE25 /* Sources */ = {
			isa = PBXSourcesBuildPhase;
			buildActionMask = 2147483647;
			files = (
				A507F13E30398B79001ADE25 /* VISTAUITestsLaunchTests.swift in Sources */,
				A507F13C30398B79001ADE25 /* VISTAUITests.swift in Sources */,
			);
			runOnlyForDeploymentPostprocessing = 0;
		};
/* End PBXSourcesBuildPhase section */

/* Begin PBXTargetDependency section */
		A507F12F30398B79001ADE25 /* PBXTargetDependency */ = {
			isa = PBXTargetDependency;
			target = A507F11C30398B75001ADE25 /* VISTA */;
			targetProxy = A507F12E30398B79001ADE25 /* PBXContainerItemProxy */;
		};
		A507F13930398B79001ADE25 /* PBXTargetDependency */ = {
			isa = PBXTargetDependency;
			target = A507F11C30398B75001ADE25 /* VISTA */;
			targetProxy = A507F13830398B79001ADE25 /* PBXContainerItemProxy */;
		};
/* End PBXTargetDependency section */

/* Begin XCBuildConfiguration section */
		A507F13F30398B79001ADE25 /* Debug */ = {
			isa = XCBuildConfiguration;
			buildSettings = {
				ALWAYS_SEARCH_USER_PATHS = NO;
				ASSETCATALOG_COMPILER_GENERATE_SWIFT_ASSET_SYMBOL_EXTENSIONS = YES;
				CLANG_ANALYZER_NONNULL = YES;
				CLANG_ANALYZER_NUMBER_OBJECT_CONVERSION = YES_AGGRESSIVE;
				CLANG_CXX_LANGUAGE_STANDARD = "gnu++20";
				CLANG_ENABLE_MODULES = YES;
				CLANG_ENABLE_OBJC_ARC = YES;
				CLANG_ENABLE_OBJC_WEAK = YES;
				CLANG_WARN_BLOCK_CAPTURE_AUTORELEASING = YES;
				CLANG_WARN_BOOL_CONVERSION = YES;
				CLANG_WARN_COMMA = YES;
				CLANG_WARN_CONSTANT_CONVERSION = YES;
				CLANG_WARN_DEPRECATED_OBJC_IMPLEMENTATIONS = YES;
				CLANG_WARN_DIRECT_OBJC_ISA_USAGE = YES_ERROR;
				CLANG_WARN_DOCUMENTATION_COMMENTS = YES;
				CLANG_WARN_EMPTY_BODY = YES;
				CLANG_WARN_ENUM_CONVERSION = YES;
				CLANG_WARN_INFINITE_RECURSION = YES;
				CLANG_WARN_INT_CONVERSION = YES;
				CLANG_WARN_NON_LITERAL_NULL_CONVERSION = YES;
				CLANG_WARN_OBJC_IMPLICIT_RETAIN_SELF = YES;
				CLANG_WARN_OBJC_LITERAL_CONVERSION = YES;
				CLANG_WARN_OBJC_ROOT_CLASS = YES_ERROR;
				CLANG_WARN_QUOTED_INCLUDE_IN_FRAMEWORK_HEADER = YES;
				CLANG_WARN_RANGE_LOOP_ANALYSIS = YES;
				CLANG_WARN_STRICT_PROTOTYPES = YES;
				CLANG_WARN_SUSPICIOUS_MOVE = YES;
				CLANG_WARN_UNGUARDED_AVAILABILITY = YES_AGGRESSIVE;
				CLANG_WARN_UNREACHABLE_CODE = YES;
				CLANG_WARN__DUPLICATE_METHOD_MATCH = YES;
				COPY_PHASE_STRIP = NO;
				DEBUG_INFORMATION_FORMAT = dwarf;
				ENABLE_STRICT_OBJC_MSGSEND = YES;
				ENABLE_TESTABILITY = YES;
				ENABLE_USER_SCRIPT_SANDBOXING = YES;
				GCC_C_LANGUAGE_STANDARD = gnu17;
				GCC_DYNAMIC_NO_PIC = NO;
				GCC_NO_COMMON_BLOCKS = YES;
				GCC_OPTIMIZATION_LEVEL = 0;
				GCC_PREPROCESSOR_DEFINITIONS = (
					"DEBUG=1",
					"$(inherited)",
				);
				GCC_WARN_64_TO_32_BIT_CONVERSION = YES;
				GCC_WARN_ABOUT_RETURN_TYPE = YES_ERROR;
				GCC_WARN_UNDECLARED_SELECTOR = YES;
				GCC_WARN_UNINITIALIZED_AUTOS = YES_AGGRESSIVE;
				GCC_WARN_UNUSED_FUNCTION = YES;
				GCC_WARN_UNUSED_VARIABLE = YES;
				IPHONEOS_DEPLOYMENT_TARGET = 17.0;
				LOCALIZATION_PREFERS_STRING_CATALOGS = YES;
				MTL_ENABLE_DEBUG_INFO = INCLUDE_SOURCE;
				MTL_FAST_MATH = YES;
				ONLY_ACTIVE_ARCH = YES;
				SDKROOT = iphoneos;
				SWIFT_ACTIVE_COMPILATION_CONDITIONS = "DEBUG $(inherited)";
				SWIFT_OPTIMIZATION_LEVEL = "-Onone";
			};
			name = Debug;
		};
		A507F14030398B79001ADE25 /* Release */ = {
			isa = XCBuildConfiguration;
			buildSettings = {
				ALWAYS_SEARCH_USER_PATHS = NO;
				ASSETCATALOG_COMPILER_GENERATE_SWIFT_ASSET_SYMBOL_EXTENSIONS = YES;
				CLANG_ANALYZER_NONNULL = YES;
				CLANG_ANALYZER_NUMBER_OBJECT_CONVERSION = YES_AGGRESSIVE;
				CLANG_CXX_LANGUAGE_STANDARD = "gnu++20";
				CLANG_ENABLE_MODULES = YES;
				CLANG_ENABLE_OBJC_ARC = YES;
				CLANG_ENABLE_OBJC_WEAK = YES;
				CLANG_WARN_BLOCK_CAPTURE_AUTORELEASING = YES;
				CLANG_WARN_BOOL_CONVERSION = YES;
				CLANG_WARN_COMMA = YES;
				CLANG_WARN_CONSTANT_CONVERSION = YES;
				CLANG_WARN_DEPRECATED_OBJC_IMPLEMENTATIONS = YES;
				CLANG_WARN_DIRECT_OBJC_ISA_USAGE = YES_ERROR;
				CLANG_WARN_DOCUMENTATION_COMMENTS = YES;
				CLANG_WARN_EMPTY_BODY = YES;
				CLANG_WARN_ENUM_CONVERSION = YES;
				CLANG_WARN_INFINITE_RECURSION = YES;
				CLANG_WARN_INT_CONVERSION = YES;
				CLANG_WARN_NON_LITERAL_NULL_CONVERSION = YES;
				CLANG_WARN_OBJC_IMPLICIT_RETAIN_SELF = YES;
				CLANG_WARN_OBJC_LITERAL_CONVERSION = YES;
				CLANG_WARN_OBJC_ROOT_CLASS = YES_ERROR;
				CLANG_WARN_QUOTED_INCLUDE_IN_FRAMEWORK_HEADER = YES;
				CLANG_WARN_RANGE_LOOP_ANALYSIS = YES;
				CLANG_WARN_STRICT_PROTOTYPES = YES;
				CLANG_WARN_SUSPICIOUS_MOVE = YES;
				CLANG_WARN_UNGUARDED_AVAILABILITY = YES_AGGRESSIVE;
				CLANG_WARN_UNREACHABLE_CODE = YES;
				CLANG_WARN__DUPLICATE_METHOD_MATCH = YES;
				COPY_PHASE_STRIP = NO;
				DEBUG_INFORMATION_FORMAT = "dwarf-with-dsym";
				ENABLE_NS_ASSERTIONS = NO;
				ENABLE_STRICT_OBJC_MSGSEND = YES;
				ENABLE_USER_SCRIPT_SANDBOXING = YES;
				GCC_C_LANGUAGE_STANDARD = gnu17;
				GCC_NO_COMMON_BLOCKS = YES;
				GCC_WARN_64_TO_32_BIT_CONVERSION = YES;
				GCC_WARN_ABOUT_RETURN_TYPE = YES_ERROR;
				GCC_WARN_UNDECLARED_SELECTOR = YES;
				GCC_WARN_UNINITIALIZED_AUTOS = YES_AGGRESSIVE;
				GCC_WARN_UNUSED_FUNCTION = YES;
				GCC_WARN_UNUSED_VARIABLE = YES;
				IPHONEOS_DEPLOYMENT_TARGET = 17.0;
				LOCALIZATION_PREFERS_STRING_CATALOGS = YES;
				MTL_ENABLE_DEBUG_INFO = NO;
				MTL_FAST_MATH = YES;
				SDKROOT = iphoneos;
				SWIFT_COMPILATION_MODE = wholemodule;
				VALIDATE_PRODUCT = YES;
			};
			name = Release;
		};
		A507F14230398B79001ADE25 /* Debug */ = {
			isa = XCBuildConfiguration;
			buildSettings = {
				ASSETCATALOG_COMPILER_APPICON_NAME = AppIcon;
				ASSETCATALOG_COMPILER_GLOBAL_ACCENT_COLOR_NAME = AccentColor;
				CODE_SIGN_STYLE = Automatic;
				CURRENT_PROJECT_VERSION = 1;
				DEVELOPMENT_ASSET_PATHS = "\"VISTA/Preview Content\"";
				DEVELOPMENT_TEAM = PN28R5RYZ9;
				ENABLE_PREVIEWS = YES;
				GENERATE_INFOPLIST_FILE = YES;
				INFOPLIST_KEY_NSCameraUsageDescription = "VISTA uses the camera to detect traffic signs in real time.";
				INFOPLIST_KEY_UIApplicationSceneManifest_Generation = YES;
				INFOPLIST_KEY_UIApplicationSupportsIndirectInputEvents = YES;
				INFOPLIST_KEY_UILaunchScreen_Generation = YES;
				INFOPLIST_KEY_UISupportedInterfaceOrientations_iPad = "UIInterfaceOrientationPortrait UIInterfaceOrientationPortraitUpsideDown UIInterfaceOrientationLandscapeLeft UIInterfaceOrientationLandscapeRight";
				INFOPLIST_KEY_UISupportedInterfaceOrientations_iPhone = "UIInterfaceOrientationPortrait UIInterfaceOrientationLandscapeLeft UIInterfaceOrientationLandscapeRight";
				LD_RUNPATH_SEARCH_PATHS = (
					"$(inherited)",
					"@executable_path/Frameworks",
				);
				MARKETING_VERSION = 1.0;
				PRODUCT_BUNDLE_IDENTIFIER = com.aspiremobiledev.VISTA;
				PRODUCT_NAME = "$(TARGET_NAME)";
				SWIFT_EMIT_LOC_STRINGS = YES;
				SWIFT_VERSION = 5.0;
				TARGETED_DEVICE_FAMILY = "1,2";
			};
			name = Debug;
		};
		A507F14330398B79001ADE25 /* Release */ = {
			isa = XCBuildConfiguration;
			buildSettings = {
				ASSETCATALOG_COMPILER_APPICON_NAME = AppIcon;
				ASSETCATALOG_COMPILER_GLOBAL_ACCENT_COLOR_NAME = AccentColor;
				CODE_SIGN_STYLE = Automatic;
				CURRENT_PROJECT_VERSION = 1;
				DEVELOPMENT_ASSET_PATHS = "\"VISTA/Preview Content\"";
				DEVELOPMENT_TEAM = PN28R5RYZ9;
				ENABLE_PREVIEWS = YES;
				GENERATE_INFOPLIST_FILE = YES;
				INFOPLIST_KEY_NSCameraUsageDescription = "VISTA uses the camera to detect traffic signs in real time.";
				INFOPLIST_KEY_UIApplicationSceneManifest_Generation = YES;
				INFOPLIST_KEY_UIApplicationSupportsIndirectInputEvents = YES;
				INFOPLIST_KEY_UILaunchScreen_Generation = YES;
				INFOPLIST_KEY_UISupportedInterfaceOrientations_iPad = "UIInterfaceOrientationPortrait UIInterfaceOrientationPortraitUpsideDown UIInterfaceOrientationLandscapeLeft UIInterfaceOrientationLandscapeRight";
				INFOPLIST_KEY_UISupportedInterfaceOrientations_iPhone = "UIInterfaceOrientationPortrait UIInterfaceOrientationLandscapeLeft UIInterfaceOrientationLandscapeRight";
				LD_RUNPATH_SEARCH_PATHS = (
					"$(inherited)",
					"@executable_path/Frameworks",
				);
				MARKETING_VERSION = 1.0;
				PRODUCT_BUNDLE_IDENTIFIER = com.aspiremobiledev.VISTA;
				PRODUCT_NAME = "$(TARGET_NAME)";
				SWIFT_EMIT_LOC_STRINGS = YES;
				SWIFT_VERSION = 5.0;
				TARGETED_DEVICE_FAMILY = "1,2";
			};
			name = Release;
		};
		A507F14530398B79001ADE25 /* Debug */ = {
			isa = XCBuildConfiguration;
			buildSettings = {
				ALWAYS_EMBED_SWIFT_STANDARD_LIBRARIES = YES;
				BUNDLE_LOADER = "$(TEST_HOST)";
				CODE_SIGN_STYLE = Automatic;
				CURRENT_PROJECT_VERSION = 1;
				GENERATE_INFOPLIST_FILE = YES;
				IPHONEOS_DEPLOYMENT_TARGET = 17.0;
				MARKETING_VERSION = 1.0;
				PRODUCT_BUNDLE_IDENTIFIER = com.aspiremobiledev.VISTATests;
				PRODUCT_NAME = "$(TARGET_NAME)";
				SWIFT_EMIT_LOC_STRINGS = NO;
				SWIFT_VERSION = 5.0;
				TARGETED_DEVICE_FAMILY = "1,2";
				TEST_HOST = "$(BUILT_PRODUCTS_DIR)/VISTA.app/$(BUNDLE_EXECUTABLE_FOLDER_PATH)/VISTA";
			};
			name = Debug;
		};
		A507F14630398B79001ADE25 /* Release */ = {
			isa = XCBuildConfiguration;
			buildSettings = {
				ALWAYS_EMBED_SWIFT_STANDARD_LIBRARIES = YES;
				BUNDLE_LOADER = "$(TEST_HOST)";
				CODE_SIGN_STYLE = Automatic;
				CURRENT_PROJECT_VERSION = 1;
				GENERATE_INFOPLIST_FILE = YES;
				IPHONEOS_DEPLOYMENT_TARGET = 17.0;
				MARKETING_VERSION = 1.0;
				PRODUCT_BUNDLE_IDENTIFIER = com.aspiremobiledev.VISTATests;
				PRODUCT_NAME = "$(TARGET_NAME)";
				SWIFT_EMIT_LOC_STRINGS = NO;
				SWIFT_VERSION = 5.0;
				TARGETED_DEVICE_FAMILY = "1,2";
				TEST_HOST = "$(BUILT_PRODUCTS_DIR)/VISTA.app/$(BUNDLE_EXECUTABLE_FOLDER_PATH)/VISTA";
			};
			name = Release;
		};
		A507F14830398B79001ADE25 /* Debug */ = {
			isa = XCBuildConfiguration;
			buildSettings = {
				ALWAYS_EMBED_SWIFT_STANDARD_LIBRARIES = YES;
				CODE_SIGN_STYLE = Automatic;
				CURRENT_PROJECT_VERSION = 1;
				GENERATE_INFOPLIST_FILE = YES;
				MARKETING_VERSION = 1.0;
				PRODUCT_BUNDLE_IDENTIFIER = com.aspiremobiledev.VISTAUITests;
				PRODUCT_NAME = "$(TARGET_NAME)";
				SWIFT_EMIT_LOC_STRINGS = NO;
				SWIFT_VERSION = 5.0;
				TARGETED_DEVICE_FAMILY = "1,2";
				TEST_TARGET_NAME = VISTA;
			};
			name = Debug;
		};
		A507F14930398B79001ADE25 /* Release */ = {
			isa = XCBuildConfiguration;
			buildSettings = {
				ALWAYS_EMBED_SWIFT_STANDARD_LIBRARIES = YES;
				CODE_SIGN_STYLE = Automatic;
				CURRENT_PROJECT_VERSION = 1;
				GENERATE_INFOPLIST_FILE = YES;
				MARKETING_VERSION = 1.0;
				PRODUCT_BUNDLE_IDENTIFIER = com.aspiremobiledev.VISTAUITests;
				PRODUCT_NAME = "$(TARGET_NAME)";
				SWIFT_EMIT_LOC_STRINGS = NO;
				SWIFT_VERSION = 5.0;
				TARGETED_DEVICE_FAMILY = "1,2";
				TEST_TARGET_NAME = VISTA;
			};
			name = Release;
		};
/* End XCBuildConfiguration section */

/* Begin XCConfigurationList section */
		A507F11830398B75001ADE25 /* Build configuration list for PBXProject "VISTA" */ = {
			isa = XCConfigurationList;
			buildConfigurations = (
				A507F13F30398B79001ADE25 /* Debug */,
				A507F14030398B79001ADE25 /* Release */,
			);
			defaultConfigurationIsVisible = 0;
			defaultConfigurationName = Release;
		};
		A507F14130398B79001ADE25 /* Build configuration list for PBXNativeTarget "VISTA" */ = {
			isa = XCConfigurationList;
			buildConfigurations = (
				A507F14230398B79001ADE25 /* Debug */,
				A507F14330398B79001ADE25 /* Release */,
			);
			defaultConfigurationIsVisible = 0;
			defaultConfigurationName = Release;
		};
		A507F14430398B79001ADE25 /* Build configuration list for PBXNativeTarget "VISTATests" */ = {
			isa = XCConfigurationList;
			buildConfigurations = (
				A507F14530398B79001ADE25 /* Debug */,
				A507F14630398B79001ADE25 /* Release */,
			);
			defaultConfigurationIsVisible = 0;
			defaultConfigurationName = Release;
		};
		A507F14730398B79001ADE25 /* Build configuration list for PBXNativeTarget "VISTAUITests" */ = {
			isa = XCConfigurationList;
			buildConfigurations = (
				A507F14830398B79001ADE25 /* Debug */,
				A507F14930398B79001ADE25 /* Release */,
			);
			defaultConfigurationIsVisible = 0;
			defaultConfigurationName = Release;
		};
/* End XCConfigurationList section */
	};
	rootObject = A507F11530398B75001ADE25 /* Project object */;
}
